
Microsoft Visual Studio Solution File, Format Version 12.00
# Visual Studio Version 17
VisualStudioVersion = 17.11.35312.102
MinimumVisualStudioVersion = 10.0.40219.1
Project("{FAE04EC0-301F-11D3-BF4B-00C04F79EFBC}") = "CalendarApp", "CalendarApp.csproj", "{DB8C75D8-D0F2-4182-AABD-49C14630DD02}"
EndProject
Global
	GlobalSection(SolutionConfigurationPlatforms) = preSolution
		Debug|Any CPU = Debug|Any CPU
		Release|Any CPU = Release|Any CPU
	EndGlobalSection
	GlobalSection(ProjectConfigurationPlatforms) = postSolution
		{DB8C75D8-D0F2-4182-AABD-49C14630DD02}.Debug|Any CPU.ActiveCfg = Debug|Any CPU
		{DB8C75D8-D0F2-4182-AABD-49C14630DD02}.Debug|Any CPU.Build.0 = Debug|Any CPU
		{DB8C75D8-D0F2-4182-AABD-49C14630DD02}.Release|Any CPU.ActiveCfg = Release|Any CPU
		{DB8C75D8-D0F2-4182-AABD-49C14630DD02}.Release|Any CPU.Build.0 = Release|Any CPU
	EndGlobalSection
	GlobalSection(SolutionProperties) = preSolution
		HideSolutionNode = FALSE
	EndGlobalSection
	GlobalSection(ExtensibilityGlobals) = postSolution
		SolutionGuid = {23EE845D-24CE-4BF3-82B4-D73B4F4BB12E}
	EndGlobalSection
EndGlobal
